<?xml version="1.0" encoding="utf-8"?>
<Project ToolsVersion="4.0" xmlns="http://schemas.microsoft.com/developer/msbuild/2003">
  <ItemGroup>
    <Filter Include="Kaynak Dosyalar">
      <UniqueIdentifier>{4FC737F1-C7A5-4376-A066-2A32D752A2FF}</UniqueIdentifier>
      <Extensions>cpp;c;cc;cxx;c++;cppm;ixx;def;odl;idl;hpj;bat;asm;asmx</Extensions>
    </Filter>
    <Filter Include="Üst Bilgi Dosyaları">
      <UniqueIdentifier>{93995380-89BD-4b04-88EB-625FBE52EBFB}</UniqueIdentifier>
      <Extensions>h;hh;hpp;hxx;h++;hm;inl;inc;ipp;xsd</Extensions>
    </Filter>
    <Filter Include="Kaynak Dosyaları">
      <UniqueIdentifier>{67DA6AB6-F800-4c08-8B7A-83BB121AAD01}</UniqueIdentifier>
      <Extensions>rc;ico;cur;bmp;dlg;rc2;rct;bin;rgs;gif;jpg;jpeg;jpe;resx;tiff;tif;png;wav;mfcribbon-ms</Extensions>
    </Filter>
    <Filter Include="Kaynak Dosyalar\header_file">
      <UniqueIdentifier>{a178f398-6f42-4b10-b004-c04e1c92beb4}</UniqueIdentifier>
    </Filter>
    <Filter Include="Kaynak Dosyalar\Source_file">
      <UniqueIdentifier>{5ad0c307-d2c4-46de-bc57-3bdaf9b7260a}</UniqueIdentifier>
    </Filter>
    <Filter Include="Kaynak Dosyalar\imgui">
      <UniqueIdentifier>{91843b84-647c-4d46-9aa2-e919801678bb}</UniqueIdentifier>
    </Filter>
  </ItemGroup>
  <ItemGroup>
    <ClInclude Include="resource.h">
      <Filter>Üst Bilgi Dosyaları</Filter>
    </ClInclude>
    <ClInclude Include="source\include\AABB.h">
      <Filter>Kaynak Dosyalar\header_file</Filter>
    </ClInclude>
    <ClInclude Include="source\include\AreaLight.h">
      <Filter>Kaynak Dosyalar\header_file</Filter>
    </ClInclude>
    <ClInclude Include="source\include\AssimpLoader.h">
      <Filter>Kaynak Dosyalar\header_file</Filter>
    </ClInclude>
    <ClInclude Include="source\include\Camera.h">
      <Filter>Kaynak Dosyalar\header_file</Filter>
    </ClInclude>
    <ClInclude Include="source\include\Dielectric.h">
      <Filter>Kaynak Dosyalar\header_file</Filter>
    </ClInclude>
    <ClInclude Include="source\include\DirectionalLight.h">
      <Filter>Kaynak Dosyalar\header_file</Filter>
    </ClInclude>
    <ClInclude Include="source\include\globals.h">
      <Filter>Kaynak Dosyalar\header_file</Filter>
    </ClInclude>
    <ClInclude Include="source\include\Hittable.h">
      <Filter>Kaynak Dosyalar\header_file</Filter>
    </ClInclude>
    <ClInclude Include="source\include\HittableList.h">
      <Filter>Kaynak Dosyalar\header_file</Filter>
    </ClInclude>
    <ClInclude Include="source\include\json.hpp">
      <Filter>Kaynak Dosyalar\header_file</Filter>
    </ClInclude>
    <ClInclude Include="source\include\Light.h">
      <Filter>Kaynak Dosyalar\header_file</Filter>
    </ClInclude>
    <ClInclude Include="source\include\Material.h">
      <Filter>Kaynak Dosyalar\header_file</Filter>
    </ClInclude>
    <ClInclude Include="source\include\Matrix4x4.h">
      <Filter>Kaynak Dosyalar\header_file</Filter>
    </ClInclude>
    <ClInclude Include="source\include\Mesh.h">
      <Filter>Kaynak Dosyalar\header_file</Filter>
    </ClInclude>
    <ClInclude Include="source\include\OptixWrapper.h">
      <Filter>Kaynak Dosyalar\header_file</Filter>
    </ClInclude>
    <ClInclude Include="source\include\ParallelBVHNode.h">
      <Filter>Kaynak Dosyalar\header_file</Filter>
    </ClInclude>
    <ClInclude Include="source\include\PointLight.h">
      <Filter>Kaynak Dosyalar\header_file</Filter>
    </ClInclude>
    <ClInclude Include="source\include\PrincipledBSDF.h">
      <Filter>Kaynak Dosyalar\header_file</Filter>
    </ClInclude>
    <ClInclude Include="source\include\Quaternion.h">
      <Filter>Kaynak Dosyalar\header_file</Filter>
    </ClInclude>
    <ClInclude Include="source\include\Ray.h">
      <Filter>Kaynak Dosyalar\header_file</Filter>
    </ClInclude>
    <ClInclude Include="source\include\Renderer.h">
      <Filter>Kaynak Dosyalar\header_file</Filter>
    </ClInclude>
    <ClInclude Include="source\include\resource.h">
      <Filter>Kaynak Dosyalar\header_file</Filter>
    </ClInclude>
    <ClInclude Include="source\include\SpotLight.h">
      <Filter>Kaynak Dosyalar\header_file</Filter>
    </ClInclude>
    <ClInclude Include="source\include\Texture.h">
      <Filter>Kaynak Dosyalar\header_file</Filter>
    </ClInclude>
    <ClInclude Include="source\include\ThreadLocalRNG.h">
      <Filter>Kaynak Dosyalar\header_file</Filter>
    </ClInclude>
    <ClInclude Include="source\include\Triangle.h">
      <Filter>Kaynak Dosyalar\header_file</Filter>
    </ClInclude>
    <ClInclude Include="source\include\Vec2.h">
      <Filter>Kaynak Dosyalar\header_file</Filter>
    </ClInclude>
    <ClInclude Include="source\include\Vec3.h">
      <Filter>Kaynak Dosyalar\header_file</Filter>
    </ClInclude>
    <ClInclude Include="source\include\Vec3SIMD.h">
      <Filter>Kaynak Dosyalar\header_file</Filter>
    </ClInclude>
    <ClInclude Include="source\include\Volumetric.h">
      <Filter>Kaynak Dosyalar\header_file</Filter>
    </ClInclude>
    <ClInclude Include="source\include\CPUInfo.h">
      <Filter>Kaynak Dosyalar\header_file</Filter>
    </ClInclude>
    <ClInclude Include="source\include\AnimatedObject.h">
      <Filter>Kaynak Dosyalar\header_file</Filter>
    </ClInclude>
    <ClInclude Include="source\include\ColorProcessingParams.h">
      <Filter>Kaynak Dosyalar\header_file</Filter>
    </ClInclude>
    <ClInclude Include="source\include\perlin.h">
      <Filter>Kaynak Dosyalar\header_file</Filter>
    </ClInclude>
    <ClInclude Include="source\include\DiffuseLight.h">
      <Filter>Kaynak Dosyalar\header_file</Filter>
    </ClInclude>
    <ClInclude Include="source\include\EmbreeBVH.h">
      <Filter>Kaynak Dosyalar\header_file</Filter>
    </ClInclude>
    <ClInclude Include="source\include\params.h">
      <Filter>Kaynak Dosyalar\header_file</Filter>
    </ClInclude>
    <ClInclude Include="source\include\payload.h">
      <Filter>Kaynak Dosyalar\header_file</Filter>
    </ClInclude>
    <ClInclude Include="source\include\sbt_data.h">
      <Filter>Kaynak Dosyalar\header_file</Filter>
    </ClInclude>
    <ClInclude Include="source\include\material_gpu.h">
      <Filter>Kaynak Dosyalar\header_file</Filter>
    </ClInclude>
    <ClInclude Include="source\include\sbt_record.h">
      <Filter>Kaynak Dosyalar\header_file</Filter>
    </ClInclude>
    <ClInclude Include="source\external\imgui\imgui.h">
      <Filter>Kaynak Dosyalar\imgui</Filter>
    </ClInclude>
    <ClInclude Include="source\external\imgui\imgui_impl_sdl2.h">
      <Filter>Kaynak Dosyalar\imgui</Filter>
    </ClInclude>
    <ClInclude Include="source\external\imgui\imgui_internal.h">
      <Filter>Kaynak Dosyalar\imgui</Filter>
    </ClInclude>
    <ClInclude Include="source\external\imgui\imconfig.h">
      <Filter>Kaynak Dosyalar\imgui</Filter>
    </ClInclude>
    <ClInclude Include="source\include\scene_ui.h">
      <Filter>Kaynak Dosyalar\header_file</Filter>
    </ClInclude>
    <ClInclude Include="source\include\scene_data.h">
      <Filter>Kaynak Dosyalar\header_file</Filter>
    </ClInclude>
    <ClInclude Include="source\external\imgui\imgui_impl_sdlrenderer2.h">
      <Filter>Kaynak Dosyalar\imgui</Filter>
    </ClInclude>
    <ClInclude Include="source\include\stb_image_write.h">
      <Filter>Kaynak Dosyalar\header_file</Filter>
    </ClInclude>
    <ClInclude Include="source\src\Main.h">
      <Filter>Üst Bilgi Dosyaları</Filter>
    </ClInclude>
    <ClInclude Include="source\include\ui_modern.h">
      <Filter>Kaynak Dosyalar\header_file</Filter>
    </ClInclude>
    <ClInclude Include="source\include\MaterialManager.h">
      <Filter>Üst Bilgi Dosyaları</Filter>
    </ClInclude>
    <ClInclude Include="source\include\Transform.h">
      <Filter>Üst Bilgi Dosyaları</Filter>
    </ClInclude>
    <ClInclude Include="source\include\World.h">
      <Filter>Kaynak Dosyalar\header_file</Filter>
    </ClInclude>
    <ClInclude Include="source\include\unified_types.h">
      <Filter>Üst Bilgi Dosyaları</Filter>
    </ClInclude>
    <ClInclude Include="source\include\unified_brdf.h">
      <Filter>Üst Bilgi Dosyaları</Filter>
    </ClInclude>
    <ClInclude Include="source\include\unified_light_sampling.h">
      <Filter>Üst Bilgi Dosyaları</Filter>
    </ClInclude>
    <ClInclude Include="source\include\unified_converters.h">
      <Filter>Üst Bilgi Dosyaları</Filter>
    </ClInclude>
    <ClInclude Include="source\include\unified_cpu_adapter.h">
      <Filter>Üst Bilgi Dosyaları</Filter>
    </ClInclude>
    <ClInclude Include="source\include\tinyexr.h">
      <Filter>Kaynak Dosyalar\header_file</Filter>
    </ClInclude>
    <ClInclude Include="source\include\SceneSelection.h">
      <Filter>Kaynak Dosyalar\header_file</Filter>
    </ClInclude>
    <ClInclude Include="source\include\ImGuizmo.h">
      <Filter>Kaynak Dosyalar\header_file</Filter>
    </ClInclude>
    <ClInclude Include="source\include\SceneHistory.h">
      <Filter>Kaynak Dosyalar\header_file</Filter>
    </ClInclude>
    <ClInclude Include="source\include\SceneCommand.h">
      <Filter>Kaynak Dosyalar\header_file</Filter>
    </ClInclude>
    <ClInclude Include="source\include\SceneSerializer.h">
      <Filter>Kaynak Dosyalar\header_file</Filter>
    </ClInclude>
    <ClInclude Include="source\external\miniz.h">
      <Filter>Kaynak Dosyalar</Filter>
    </ClInclude>
    <ClInclude Include="source\include\TimelineWidget.h">
      <Filter>Kaynak Dosyalar\header_file</Filter>
    </ClInclude>
  </ItemGroup>
  <ItemGroup>
    <ResourceCompile Include="raytracing_render_code.rc">
      <Filter>Kaynak Dosyaları</Filter>
    </ResourceCompile>
  </ItemGroup>
  <ItemGroup>
    <ClCompile Include="source\src\AABB.cpp">
      <Filter>Kaynak Dosyalar\Source_file</Filter>
    </ClCompile>
    <ClCompile Include="source\src\AreaLight.cpp">
      <Filter>Kaynak Dosyalar\Source_file</Filter>
    </ClCompile>
    <ClCompile Include="source\src\AssimpLoader.cpp">
      <Filter>Kaynak Dosyalar\Source_file</Filter>
    </ClCompile>
    <ClCompile Include="source\src\Camera.cpp">
      <Filter>Kaynak Dosyalar\Source_file</Filter>
    </ClCompile>
    <ClCompile Include="source\src\Dielectric.cpp">
      <Filter>Kaynak Dosyalar\Source_file</Filter>
    </ClCompile>
    <ClCompile Include="source\src\DirectionalLight.cpp">
      <Filter>Kaynak Dosyalar\Source_file</Filter>
    </ClCompile>
    <ClCompile Include="source\src\globals.cpp">
      <Filter>Kaynak Dosyalar\Source_file</Filter>
    </ClCompile>
    <ClCompile Include="source\src\HittableList.cpp">
      <Filter>Kaynak Dosyalar\Source_file</Filter>
    </ClCompile>
    <ClCompile Include="source\src\Light.cpp">
      <Filter>Kaynak Dosyalar\Source_file</Filter>
    </ClCompile>
    <ClCompile Include="source\src\Main.cpp">
      <Filter>Kaynak Dosyalar\Source_file</Filter>
    </ClCompile>
    <ClCompile Include="source\src\Material.cpp">
      <Filter>Kaynak Dosyalar\Source_file</Filter>
    </ClCompile>
    <ClCompile Include="source\src\Matrix4x4.cpp">
      <Filter>Kaynak Dosyalar\Source_file</Filter>
    </ClCompile>
    <ClCompile Include="source\src\Mesh.cpp">
      <Filter>Kaynak Dosyalar\Source_file</Filter>
    </ClCompile>
    <ClCompile Include="source\src\OptixWrapper.cpp">
      <Filter>Kaynak Dosyalar\Source_file</Filter>
    </ClCompile>
    <ClCompile Include="source\src\ParallelBVHNode.cpp">
      <Filter>Kaynak Dosyalar\Source_file</Filter>
    </ClCompile>
    <ClCompile Include="source\src\PointLight.cpp">
      <Filter>Kaynak Dosyalar\Source_file</Filter>
    </ClCompile>
    <ClCompile Include="source\src\PrincipledBSDF.cpp">
      <Filter>Kaynak Dosyalar\Source_file</Filter>
    </ClCompile>
    <ClCompile Include="source\src\Renderer.cpp">
      <Filter>Kaynak Dosyalar\Source_file</Filter>
    </ClCompile>
    <ClCompile Include="source\src\SpotLight.cpp">
      <Filter>Kaynak Dosyalar\Source_file</Filter>
    </ClCompile>
    <ClCompile Include="source\src\Texture.cpp">
      <Filter>Kaynak Dosyalar\Source_file</Filter>
    </ClCompile>
    <ClCompile Include="source\src\ThreadLocalRNG.cpp">
      <Filter>Kaynak Dosyalar\Source_file</Filter>
    </ClCompile>
    <ClCompile Include="source\src\Triangle.cpp">
      <Filter>Kaynak Dosyalar\Source_file</Filter>
    </ClCompile>
    <ClCompile Include="source\src\Vec2.cpp">
      <Filter>Kaynak Dosyalar\Source_file</Filter>
    </ClCompile>
    <ClCompile Include="source\src\Vec3.cpp">
      <Filter>Kaynak Dosyalar\Source_file</Filter>
    </ClCompile>
    <ClCompile Include="source\src\Vec3SIMD.cpp">
      <Filter>Kaynak Dosyalar\Source_file</Filter>
    </ClCompile>
    <ClCompile Include="source\src\Volumetric.cpp">
      <Filter>Kaynak Dosyalar\Source_file</Filter>
    </ClCompile>
    <ClCompile Include="source\src\World.cpp">
      <Filter>Kaynak Dosyalar\Source_file</Filter>
    </ClCompile>
    <ClCompile Include="source\src\EmbreeBVH.cpp">
      <Filter>Kaynak Dosyalar\Source_file</Filter>
    </ClCompile>
    <ClCompile Include="source\external\imgui\imgui.cpp">
      <Filter>Kaynak Dosyalar\imgui</Filter>
    </ClCompile>
    <ClCompile Include="source\external\imgui\imgui_draw.cpp">
      <Filter>Kaynak Dosyalar\imgui</Filter>
    </ClCompile>
    <ClCompile Include="source\external\imgui\imgui_impl_sdl2.cpp">
      <Filter>Kaynak Dosyalar\imgui</Filter>
    </ClCompile>
    <ClCompile Include="source\external\imgui\imgui_tables.cpp">
      <Filter>Kaynak Dosyalar\imgui</Filter>
    </ClCompile>
    <ClCompile Include="source\external\imgui\imgui_widgets.cpp">
      <Filter>Kaynak Dosyalar\imgui</Filter>
    </ClCompile>
    <ClCompile Include="source\src\scene_ui.cpp">
      <Filter>Kaynak Dosyalar\Source_file</Filter>
    </ClCompile>
    <ClCompile Include="source\external\imgui\imgui_impl_sdlrenderer2.cpp">
      <Filter>Kaynak Dosyalar\imgui</Filter>
    </ClCompile>
    <ClCompile Include="source\src\ui_modern.cpp">
      <Filter>Kaynak Dosyalar\Source_file</Filter>
    </ClCompile>
    <ClCompile Include="source\src\MaterialManager.cpp">
      <Filter>Kaynak Dosyalar\Source_file</Filter>
    </ClCompile>
    <ClCompile Include="source\src\unified_converters.cpp">
      <Filter>Kaynak Dosyalar</Filter>
    </ClCompile>
    <ClCompile Include="source\src\SceneSelection.cpp">
      <Filter>Kaynak Dosyalar\Source_file</Filter>
    </ClCompile>
    <ClCompile Include="source\src\ImGuizmo.cpp">
      <Filter>Kaynak Dosyalar\Source_file</Filter>
    </ClCompile>
    <ClCompile Include="source\src\SceneHistory.cpp">
      <Filter>Kaynak Dosyalar\Source_file</Filter>
    </ClCompile>
    <ClCompile Include="source\src\SceneCommand.cpp">
      <Filter>Kaynak Dosyalar\Source_file</Filter>
    </ClCompile>
    <ClCompile Include="source\src\SceneSerializer.cpp">
      <Filter>Kaynak Dosyalar\Source_file</Filter>
    </ClCompile>
    <ClCompile Include="source\src\ProjectManager.cpp">
      <Filter>Kaynak Dosyalar\Source_file</Filter>
    </ClCompile>
    <ClCompile Include="source\external\miniz.c">
      <Filter>Kaynak Dosyalar\Source_file</Filter>
    </ClCompile>
    <ClCompile Include="source\external\miniz_tdef.c">
      <Filter>Kaynak Dosyalar\Source_file</Filter>
    </ClCompile>
    <ClCompile Include="source\external\miniz_tinfl.c">
      <Filter>Kaynak Dosyalar\Source_file</Filter>
    </ClCompile>
    <ClCompile Include="source\src\scene_ui_world.cpp">
      <Filter>Kaynak Dosyalar\Source_file</Filter>
    </ClCompile>
    <ClCompile Include="source\src\SequencerAdapter.cpp">
      <Filter>Kaynak Dosyalar\Source_file</Filter>
    </ClCompile>
    <ClCompile Include="source\src\TimelineWidget.cpp">
      <Filter>Kaynak Dosyalar\Source_file</Filter>
    </ClCompile>
    <ClCompile Include="source\src\SplashScreen.cpp">
      <Filter>Kaynak Dosyalar\Source_file</Filter>
    </ClCompile>
    <ClCompile Include="source\src\scene_ui_camera.cpp">
      <Filter>Kaynak Dosyalar\Source_file</Filter>
    </ClCompile>
    <ClCompile Include="source\src\scene_ui_gizmos.cpp">
      <Filter>Kaynak Dosyalar\Source_file</Filter>
    </ClCompile>
    <ClCompile Include="source\src\scene_ui_hierarchy.cpp">
      <Filter>Kaynak Dosyalar\Source_file</Filter>
    </ClCompile>
    <ClCompile Include="source\src\scene_ui_lights.cpp">
      <Filter>Kaynak Dosyalar\Source_file</Filter>
    </ClCompile>
    <ClCompile Include="source\src\scene_ui_materials.cpp">
      <Filter>Kaynak Dosyalar\Source_file</Filter>
    </ClCompile>
    <ClCompile Include="source\src\scene_ui_selection.cpp">
      <Filter>Kaynak Dosyalar\Source_file</Filter>
    </ClCompile>
    <ClCompile Include="source\src\scene_ui_viewport.cpp">
      <Filter>Kaynak Dosyalar\Source_file</Filter>
    </ClCompile>
  </ItemGroup>
  <ItemGroup>
    <None Include="source\src\raygen.cu">
      <Filter>Kaynak Dosyalar\Source_file</Filter>
    </None>
    <None Include="source\src\trace_ray.cuh">
      <Filter>Kaynak Dosyalar\Source_file</Filter>
    </None>
    <None Include="source\src\ray_color.cuh">
      <Filter>Kaynak Dosyalar\Source_file</Filter>
    </None>
    <None Include="source\src\random_utils.cuh">
      <Filter>Kaynak Dosyalar\Source_file</Filter>
    </None>
    <None Include="source\src\vec3_utils.cuh">
      <Filter>Kaynak Dosyalar\Source_file</Filter>
    </None>
    <None Include="source\src\material_scatter.cuh">
      <Filter>Kaynak Dosyalar\Source_file</Filter>
    </None>
    <None Include="source\src\gpucamera.cuh">
      <Filter>Kaynak Dosyalar\Source_file</Filter>
    </None>
    <None Include="source\src\scatter_volume_step.h">
      <Filter>Kaynak Dosyalar\Source_file</Filter>
    </None>
  </ItemGroup>
  <ItemGroup>
    <Image Include="source\resources\RayTrophi_icon.ico">
      <Filter>Kaynak Dosyaları</Filter>
    </Image>
  </ItemGroup>
</Project>