<?xml version="1.0" encoding="utf-8"?>
<Project ToolsVersion="4.0" xmlns="http://schemas.microsoft.com/developer/msbuild/2003">
  <ItemGroup>
    <Filter Include="Kaynak Dosyalar">
      <UniqueIdentifier>{4FC737F1-C7A5-4376-A066-2A32D752A2FF}</UniqueIdentifier>
      <Extensions>cpp;c;cc;cxx;c++;cppm;ixx;def;odl;idl;hpj;bat;asm;asmx</Extensions>
    </Filter>
    <Filter Include="Kaynak Dosyalar\header_file">
      <UniqueIdentifier>{a178f398-6f42-4b10-b004-c04e1c92beb4}</UniqueIdentifier>
    </Filter>
    <Filter Include="Kaynak Dosyalar\Source_file">
      <UniqueIdentifier>{5ad0c307-d2c4-46de-bc57-3bdaf9b7260a}</UniqueIdentifier>
    </Filter>
    <Filter Include="Kaynak Dosyalar\imgui">
      <UniqueIdentifier>{91843b84-647c-4d46-9aa2-e919801678bb}</UniqueIdentifier>
    </Filter>
    <Filter Include="Kaynak Dosyalar\Physics">
      <UniqueIdentifier>322ce010-14c4-451d-9f71-a8f4daa4fc48</UniqueIdentifier>
    </Filter>
    <Filter Include="Kaynak Dosyalar\Utils">
      <UniqueIdentifier>4e535095-0350-48c9-a049-68105869e98a</UniqueIdentifier>
    </Filter>
    <Filter Include="Kaynak Dosyalar\Core">
      <UniqueIdentifier>fcf3bac3-1868-4460-9dee-36b07e44d056</UniqueIdentifier>
    </Filter>
    <Filter Include="Kaynak Dosyalar\Render">
      <UniqueIdentifier>bc47dea9-9c56-493e-b8ca-e1acde8bb390</UniqueIdentifier>
    </Filter>
    <Filter Include="Kaynak Dosyalar\UI">
      <UniqueIdentifier>72bbba88-2b7d-4cdb-a379-3b20f2615898</UniqueIdentifier>
    </Filter>
    <Filter Include="Kaynak Dosyalar\Scene">
      <UniqueIdentifier>e3b81726-767e-43b4-a9d2-96b8eed56120</UniqueIdentifier>
    </Filter>
    <Filter Include="Kaynak Dosyalar\Animation">
      <UniqueIdentifier>d4a53ae4-a645-4c28-8e97-a27844620741</UniqueIdentifier>
    </Filter>
    <Filter Include="Kaynak Dosyalar\Math">
      <UniqueIdentifier>ff31116e-905c-49eb-9a4c-5007e71a480b</UniqueIdentifier>
    </Filter>
    <Filter Include="Kaynak Dosyalar\Device">
      <UniqueIdentifier>f061b220-55a7-4467-a300-d42b15d827c3</UniqueIdentifier>
    </Filter>
    <Filter Include="Kaynak Dosyaları">
      <UniqueIdentifier>{67DA6AB6-F800-4c08-8B7A-83BB121AAD01}</UniqueIdentifier>
      <Extensions>rc;ico;cur;bmp;dlg;rc2;rct;bin;rgs;gif;jpg;jpeg;jpe;resx;tiff;tif;png;wav;mfcribbon-ms</Extensions>
    </Filter>
    <Filter Include="Üst Bilgi Dosyaları">
      <UniqueIdentifier>{93995380-89BD-4b04-88EB-625FBE52EBFB}</UniqueIdentifier>
      <Extensions>h;hh;hpp;hxx;h++;hm;inl;inc;ipp;xsd</Extensions>
    </Filter>
    <Filter Include="Kaynak Dosyalar\Hair">
      <UniqueIdentifier>{1b01040e-5f06-425a-8ca5-8ad61b6294d4}</UniqueIdentifier>
    </Filter>
    <Filter Include="Kaynak Dosyalar\shader">
      <UniqueIdentifier>{dfa80880-344e-4bcf-8552-0872c52a8403}</UniqueIdentifier>
    </Filter>
  </ItemGroup>
  <ItemGroup>
    <ClInclude Include="resource.h">
      <Filter>Üst Bilgi Dosyaları</Filter>
    </ClInclude>
    <ClInclude Include="source\include\AABB.h">
      <Filter>Kaynak Dosyalar\header_file</Filter>
    </ClInclude>
    <ClInclude Include="source\include\AreaLight.h">
      <Filter>Kaynak Dosyalar\header_file</Filter>
    </ClInclude>
    <ClInclude Include="source\include\AssimpLoader.h">
      <Filter>Kaynak Dosyalar\header_file</Filter>
    </ClInclude>
    <ClInclude Include="source\include\Camera.h">
      <Filter>Kaynak Dosyalar\header_file</Filter>
    </ClInclude>
    <ClInclude Include="source\include\Dielectric.h">
      <Filter>Kaynak Dosyalar\header_file</Filter>
    </ClInclude>
    <ClInclude Include="source\include\DirectionalLight.h">
      <Filter>Kaynak Dosyalar\header_file</Filter>
    </ClInclude>
    <ClInclude Include="source\include\globals.h">
      <Filter>Kaynak Dosyalar\header_file</Filter>
    </ClInclude>
    <ClInclude Include="source\include\Hittable.h">
      <Filter>Kaynak Dosyalar\header_file</Filter>
    </ClInclude>
    <ClInclude Include="source\include\HittableList.h">
      <Filter>Kaynak Dosyalar\header_file</Filter>
    </ClInclude>
    <ClInclude Include="source\include\json.hpp">
      <Filter>Kaynak Dosyalar\header_file</Filter>
    </ClInclude>
    <ClInclude Include="source\include\Light.h">
      <Filter>Kaynak Dosyalar\header_file</Filter>
    </ClInclude>
    <ClInclude Include="source\include\Material.h">
      <Filter>Kaynak Dosyalar\header_file</Filter>
    </ClInclude>
    <ClInclude Include="source\include\Matrix4x4.h">
      <Filter>Kaynak Dosyalar\header_file</Filter>
    </ClInclude>
    <ClInclude Include="source\include\Mesh.h">
      <Filter>Kaynak Dosyalar\header_file</Filter>
    </ClInclude>
    <ClInclude Include="source\include\OptixWrapper.h">
      <Filter>Kaynak Dosyalar\header_file</Filter>
    </ClInclude>
    <ClInclude Include="source\include\ParallelBVHNode.h">
      <Filter>Kaynak Dosyalar\header_file</Filter>
    </ClInclude>
    <ClInclude Include="source\include\PointLight.h">
      <Filter>Kaynak Dosyalar\header_file</Filter>
    </ClInclude>
    <ClInclude Include="source\include\PrincipledBSDF.h">
      <Filter>Kaynak Dosyalar\header_file</Filter>
    </ClInclude>
    <ClInclude Include="source\include\Quaternion.h">
      <Filter>Kaynak Dosyalar\header_file</Filter>
    </ClInclude>
    <ClInclude Include="source\include\Ray.h">
      <Filter>Kaynak Dosyalar\header_file</Filter>
    </ClInclude>
    <ClInclude Include="source\include\Renderer.h">
      <Filter>Kaynak Dosyalar\header_file</Filter>
    </ClInclude>
    <ClInclude Include="source\include\resource.h">
      <Filter>Kaynak Dosyalar\header_file</Filter>
    </ClInclude>
    <ClInclude Include="source\include\SpotLight.h">
      <Filter>Kaynak Dosyalar\header_file</Filter>
    </ClInclude>
    <ClInclude Include="source\include\Texture.h">
      <Filter>Kaynak Dosyalar\header_file</Filter>
    </ClInclude>
    <ClInclude Include="source\include\ThreadLocalRNG.h">
      <Filter>Kaynak Dosyalar\header_file</Filter>
    </ClInclude>
    <ClInclude Include="source\include\Triangle.h">
      <Filter>Kaynak Dosyalar\header_file</Filter>
    </ClInclude>
    <ClInclude Include="source\include\Vec2.h">
      <Filter>Kaynak Dosyalar\header_file</Filter>
    </ClInclude>
    <ClInclude Include="source\include\Vec3.h">
      <Filter>Kaynak Dosyalar\header_file</Filter>
    </ClInclude>
    <ClInclude Include="source\include\Vec3SIMD.h">
      <Filter>Kaynak Dosyalar\header_file</Filter>
    </ClInclude>
    <ClInclude Include="source\include\Volumetric.h">
      <Filter>Kaynak Dosyalar\header_file</Filter>
    </ClInclude>
    <ClInclude Include="source\include\CPUInfo.h">
      <Filter>Kaynak Dosyalar\header_file</Filter>
    </ClInclude>
    <ClInclude Include="source\include\AnimatedObject.h">
      <Filter>Kaynak Dosyalar\header_file</Filter>
    </ClInclude>
    <ClInclude Include="source\include\ColorProcessingParams.h">
      <Filter>Kaynak Dosyalar\header_file</Filter>
    </ClInclude>
    <ClInclude Include="source\include\perlin.h">
      <Filter>Kaynak Dosyalar\header_file</Filter>
    </ClInclude>
    <ClInclude Include="source\include\DiffuseLight.h">
      <Filter>Kaynak Dosyalar\header_file</Filter>
    </ClInclude>
    <ClInclude Include="source\include\EmbreeBVH.h">
      <Filter>Kaynak Dosyalar\header_file</Filter>
    </ClInclude>
    <ClInclude Include="source\include\params.h">
      <Filter>Kaynak Dosyalar\header_file</Filter>
    </ClInclude>
    <ClInclude Include="source\include\payload.h">
      <Filter>Kaynak Dosyalar\header_file</Filter>
    </ClInclude>
    <ClInclude Include="source\include\sbt_data.h">
      <Filter>Kaynak Dosyalar\header_file</Filter>
    </ClInclude>
    <ClInclude Include="source\include\material_gpu.h">
      <Filter>Kaynak Dosyalar\header_file</Filter>
    </ClInclude>
    <ClInclude Include="source\include\sbt_record.h">
      <Filter>Kaynak Dosyalar\header_file</Filter>
    </ClInclude>
    <ClInclude Include="source\external\imgui\imgui.h">
      <Filter>Kaynak Dosyalar\imgui</Filter>
    </ClInclude>
    <ClInclude Include="source\external\imgui\imgui_impl_sdl2.h">
      <Filter>Kaynak Dosyalar\imgui</Filter>
    </ClInclude>
    <ClInclude Include="source\external\imgui\imgui_internal.h">
      <Filter>Kaynak Dosyalar\imgui</Filter>
    </ClInclude>
    <ClInclude Include="source\external\imgui\imconfig.h">
      <Filter>Kaynak Dosyalar\imgui</Filter>
    </ClInclude>
    <ClInclude Include="source\include\scene_ui.h">
      <Filter>Kaynak Dosyalar\header_file</Filter>
    </ClInclude>
    <ClInclude Include="source\include\scene_data.h">
      <Filter>Kaynak Dosyalar\header_file</Filter>
    </ClInclude>
    <ClInclude Include="source\external\imgui\imgui_impl_sdlrenderer2.h">
      <Filter>Kaynak Dosyalar\imgui</Filter>
    </ClInclude>
    <ClInclude Include="source\include\stb_image_write.h">
      <Filter>Kaynak Dosyalar\header_file</Filter>
    </ClInclude>
    <ClInclude Include="source\src\Main.h">
      <Filter>Üst Bilgi Dosyaları</Filter>
    </ClInclude>
    <ClInclude Include="source\include\ui_modern.h">
      <Filter>Kaynak Dosyalar\header_file</Filter>
    </ClInclude>
    <ClInclude Include="source\include\MaterialManager.h">
      <Filter>Üst Bilgi Dosyaları</Filter>
    </ClInclude>
    <ClInclude Include="source\include\MeshModifiers.h">
      <Filter>Üst Bilgi Dosyaları</Filter>
    </ClInclude>
    <ClInclude Include="source\include\Transform.h">
      <Filter>Üst Bilgi Dosyaları</Filter>
    </ClInclude>
    <ClInclude Include="source\include\World.h">
      <Filter>Kaynak Dosyalar\header_file</Filter>
    </ClInclude>
    <ClInclude Include="source\include\unified_types.h">
      <Filter>Üst Bilgi Dosyaları</Filter>
    </ClInclude>
    <ClInclude Include="source\include\unified_brdf.h">
      <Filter>Üst Bilgi Dosyaları</Filter>
    </ClInclude>
    <ClInclude Include="source\include\unified_light_sampling.h">
      <Filter>Üst Bilgi Dosyaları</Filter>
    </ClInclude>
    <ClInclude Include="source\include\unified_converters.h">
      <Filter>Üst Bilgi Dosyaları</Filter>
    </ClInclude>
    <ClInclude Include="source\include\unified_cpu_adapter.h">
      <Filter>Üst Bilgi Dosyaları</Filter>
    </ClInclude>
    <ClInclude Include="source\include\tinyexr.h">
      <Filter>Kaynak Dosyalar\header_file</Filter>
    </ClInclude>
    <ClInclude Include="source\include\SceneSelection.h">
      <Filter>Kaynak Dosyalar\header_file</Filter>
    </ClInclude>
    <ClInclude Include="source\include\ImGuizmo.h">
      <Filter>Kaynak Dosyalar\header_file</Filter>
    </ClInclude>
    <ClInclude Include="source\include\SceneHistory.h">
      <Filter>Kaynak Dosyalar\header_file</Filter>
    </ClInclude>
    <ClInclude Include="source\include\SceneCommand.h">
      <Filter>Kaynak Dosyalar\header_file</Filter>
    </ClInclude>
    <ClInclude Include="source\include\SceneSerializer.h">
      <Filter>Kaynak Dosyalar\header_file</Filter>
    </ClInclude>
    <ClInclude Include="source\external\miniz.h">
      <Filter>Kaynak Dosyalar</Filter>
    </ClInclude>
    <ClInclude Include="source\include\TimelineWidget.h">
      <Filter>Kaynak Dosyalar\header_file</Filter>
    </ClInclude>
    <ClInclude Include="source\include\unified_noise.h">
      <Filter>Kaynak Dosyalar\header_file</Filter>
    </ClInclude>
    <ClInclude Include="source\include\unified_volume.h">
      <Filter>Kaynak Dosyalar\header_file</Filter>
    </ClInclude>
    <ClInclude Include="source\include\unified_volume_sampling.h">
      <Filter>Kaynak Dosyalar\header_file</Filter>
    </ClInclude>
    <ClInclude Include="source\include\OptixAccelManager.h">
      <Filter>Kaynak Dosyalar\header_file</Filter>
    </ClInclude>
    <ClInclude Include="source\src\Device\water_shaders.cuh">
      <Filter>Kaynak Dosyalar\Device</Filter>
    </ClInclude>
    <ClInclude Include="source\src\Device\CloudNoise.cuh">
      <Filter>Kaynak Dosyalar\Device</Filter>
    </ClInclude>
    <ClInclude Include="source\src\Device\fft_ocean.cuh">
      <Filter>Kaynak Dosyalar\Device</Filter>
    </ClInclude>
    <ClInclude Include="source\include\TerrainFFT.h">
      <Filter>Üst Bilgi Dosyaları</Filter>
    </ClInclude>
    <ClInclude Include="source\include\VDBVolumeManager.h">
      <Filter>Kaynak Dosyalar\header_file</Filter>
    </ClInclude>
    <ClInclude Include="source\src\UI\scene_ui_nodeeditor.hpp">
      <Filter>Üst Bilgi Dosyaları</Filter>
    </ClInclude>
    <ClInclude Include="source\src\UI\scene_ui_terrain.hpp">
      <Filter>Üst Bilgi Dosyaları</Filter>
    </ClInclude>
    <ClInclude Include="source\src\UI\scene_ui_water.hpp">
      <Filter>Üst Bilgi Dosyaları</Filter>
    </ClInclude>
    <ClInclude Include="source\src\UI\scene_ui_river.hpp">
      <Filter>Üst Bilgi Dosyaları</Filter>
    </ClInclude>
    <ClInclude Include="source\include\Backend\IBackend.h">
      <Filter>Üst Bilgi Dosyaları</Filter>
    </ClInclude>
    <ClInclude Include="source\include\Backend\OptixBackend.h">
      <Filter>Üst Bilgi Dosyaları</Filter>
    </ClInclude>
    <ClInclude Include="source\include\Backend\VulkanBackend.h">
      <Filter>Üst Bilgi Dosyaları</Filter>
    </ClInclude>
  </ItemGroup>
  <ItemGroup>
    <ResourceCompile Include="raytracing_render_code.rc">
      <Filter>Kaynak Dosyaları</Filter>
    </ResourceCompile>
  </ItemGroup>
  <ItemGroup>
    <None Include="source\src\Device\raygen.cu">
      <Filter>Kaynak Dosyalar\Device</Filter>
    </None>
    <None Include="source\src\Device\trace_ray.cuh">
      <Filter>Kaynak Dosyalar\Device</Filter>
    </None>
    <None Include="source\src\Device\ray_color.cuh">
      <Filter>Kaynak Dosyalar\Device</Filter>
    </None>
    <None Include="source\src\Device\random_utils.cuh">
      <Filter>Kaynak Dosyalar\Device</Filter>
    </None>
    <None Include="source\src\Device\vec3_utils.cuh">
      <Filter>Kaynak Dosyalar\Device</Filter>
    </None>
    <None Include="source\src\Device\material_scatter.cuh">
      <Filter>Kaynak Dosyalar\Device</Filter>
    </None>
    <None Include="source\src\Device\gpucamera.cuh">
      <Filter>Kaynak Dosyalar\Device</Filter>
    </None>
    <None Include="source\src\Device\scatter_volume_step.h">
      <Filter>Üst Bilgi Dosyaları</Filter>
    </None>
    <None Include="source\include\gas_kernels.cuh">
      <Filter>Kaynak Dosyalar\Device</Filter>
    </None>
    <None Include="source\include\gas_fft_solver.cuh">
      <Filter>Kaynak Dosyalar\Device</Filter>
    </None>
    <None Include="source\src\Device\hair_kernels.cu">
      <Filter>Kaynak Dosyalar\Device</Filter>
    </None>
    <None Include="source\src\Device\hair_intersect.cuh">
      <Filter>Kaynak Dosyalar\Device</Filter>
    </None>
    <None Include="source\src\Device\hair_bsdf.cuh">
      <Filter>Kaynak Dosyalar\Device</Filter>
    </None>
    <None Include="source\shaders\closesthit.rchit">
      <Filter>Kaynak Dosyalar\shader</Filter>
    </None>
    <None Include="source\shaders\miss.rmiss">
      <Filter>Kaynak Dosyalar\shader</Filter>
    </None>
    <None Include="source\shaders\raygen.rgen">
      <Filter>Kaynak Dosyalar\shader</Filter>
    </None>
    <None Include="source\shaders\shadow_anyhit.rchit">
      <Filter>Kaynak Dosyalar\shader</Filter>
    </None>
    <None Include="source\shaders\shadow_miss.rmiss">
      <Filter>Kaynak Dosyalar\shader</Filter>
    </None>
  </ItemGroup>
  <ItemGroup>
    <Image Include="source\resources\RayTrophi_icon.ico">
      <Filter>Kaynak Dosyaları</Filter>
    </Image>
  </ItemGroup>
  <ItemGroup>
    <CudaCompile Include="source\src\Device\fft_ocean.cu">
      <Filter>Kaynak Dosyalar\Device</Filter>
    </CudaCompile>
    <CudaCompile Include="source\src\Device\skinning_kernels.cu">
      <Filter>Kaynak Dosyalar\Device</Filter>
    </CudaCompile>
    <CudaCompile Include="source\src\Device\foliage_deform.cu">
      <Filter>Kaynak Dosyalar\Device</Filter>
    </CudaCompile>
    <CudaCompile Include="source\src\Device\gas_kernels.cu">
      <Filter>Kaynak Dosyalar\Device</Filter>
    </CudaCompile>
    <CudaCompile Include="source\src\Device\gas_fft_solver.cu">
      <Filter>Kaynak Dosyalar\Device</Filter>
    </CudaCompile>
  </ItemGroup>
  <ItemGroup>
    <ClCompile Include="source\src\Physics\GasSimulator.cpp">
      <Filter>Kaynak Dosyalar\Physics</Filter>
    </ClCompile>
    <ClCompile Include="source\src\Physics\GasVolume.cpp">
      <Filter>Kaynak Dosyalar\Physics</Filter>
    </ClCompile>
    <ClCompile Include="source\src\Physics\ForceField.cpp">
      <Filter>Kaynak Dosyalar\Physics</Filter>
    </ClCompile>
    <ClCompile Include="source\src\Physics\EmitterSystem.cpp">
      <Filter>Kaynak Dosyalar\Physics</Filter>
    </ClCompile>
    <ClCompile Include="source\src\Physics\CurlNoise.cpp">
      <Filter>Kaynak Dosyalar\Physics</Filter>
    </ClCompile>
    <ClCompile Include="source\src\Physics\WaterManager.cpp">
      <Filter>Kaynak Dosyalar\Physics</Filter>
    </ClCompile>
    <ClCompile Include="source\src\Physics\RiverManager.cpp">
      <Filter>Kaynak Dosyalar\Physics</Filter>
    </ClCompile>
    <ClCompile Include="source\src\Physics\TerrainManager.cpp">
      <Filter>Kaynak Dosyalar\Physics</Filter>
    </ClCompile>
    <ClCompile Include="source\src\Physics\TerrainNodesV2.cpp">
      <Filter>Kaynak Dosyalar\Physics</Filter>
    </ClCompile>
    <ClCompile Include="source\src\Physics\TerrainFFT.cpp">
      <Filter>Kaynak Dosyalar\Physics</Filter>
    </ClCompile>
    <ClCompile Include="source\src\Physics\Volumetric.cpp">
      <Filter>Kaynak Dosyalar\Physics</Filter>
    </ClCompile>
    <ClCompile Include="source\src\Physics\VDBVolume.cpp">
      <Filter>Kaynak Dosyalar\Physics</Filter>
    </ClCompile>
    <ClCompile Include="source\src\Physics\VDBVolumeManager.cpp">
      <Filter>Kaynak Dosyalar\Physics</Filter>
    </ClCompile>
    <ClCompile Include="source\src\Utils\AssimpLoader.cpp">
      <Filter>Kaynak Dosyalar\Utils</Filter>
    </ClCompile>
    <ClCompile Include="source\src\Utils\SceneSerializer.cpp">
      <Filter>Kaynak Dosyalar\Utils</Filter>
    </ClCompile>
    <ClCompile Include="source\src\Utils\MeshModifiers.cpp">
      <Filter>Kaynak Dosyalar\Utils</Filter>
    </ClCompile>
    <ClCompile Include="source\src\Utils\SceneExporter.cpp">
      <Filter>Kaynak Dosyalar\Utils</Filter>
    </ClCompile>
    <ClCompile Include="source\src\Utils\SceneHistory.cpp">
      <Filter>Kaynak Dosyalar\Utils</Filter>
    </ClCompile>
    <ClCompile Include="source\src\Utils\SceneCommand.cpp">
      <Filter>Kaynak Dosyalar\Utils</Filter>
    </ClCompile>
    <ClCompile Include="source\src\Core\Main.cpp">
      <Filter>Kaynak Dosyalar\Core</Filter>
    </ClCompile>
    <ClCompile Include="source\src\Core\globals.cpp">
      <Filter>Kaynak Dosyalar\Core</Filter>
    </ClCompile>
    <ClCompile Include="source\src\Core\ProjectManager.cpp">
      <Filter>Kaynak Dosyalar\Core</Filter>
    </ClCompile>
    <ClCompile Include="source\src\Core\ThreadLocalRNG.cpp">
      <Filter>Kaynak Dosyalar\Core</Filter>
    </ClCompile>
    <ClCompile Include="source\src\Render\Renderer.cpp">
      <Filter>Kaynak Dosyalar\Render</Filter>
    </ClCompile>
    <ClCompile Include="source\src\Render\VolumetricRenderer.cpp">
      <Filter>Kaynak Dosyalar\Render</Filter>
    </ClCompile>
    <ClCompile Include="source\src\Render\Camera.cpp">
      <Filter>Kaynak Dosyalar\Render</Filter>
    </ClCompile>
    <ClCompile Include="source\src\Render\OptixWrapper.cpp">
      <Filter>Kaynak Dosyalar\Render</Filter>
    </ClCompile>
    <ClCompile Include="source\src\Render\OptixAccelManager.cpp">
      <Filter>Kaynak Dosyalar\Render</Filter>
    </ClCompile>
    <ClCompile Include="source\src\Render\ParallelBVHNode.cpp">
      <Filter>Kaynak Dosyalar\Render</Filter>
    </ClCompile>
    <ClCompile Include="source\src\Render\EmbreeBVH.cpp">
      <Filter>Kaynak Dosyalar\Render</Filter>
    </ClCompile>
    <ClCompile Include="source\src\Render\unified_converters.cpp">
      <Filter>Kaynak Dosyalar\Render</Filter>
    </ClCompile>
    <ClCompile Include="source\src\Render\Texture.cpp">
      <Filter>Kaynak Dosyalar\Render</Filter>
    </ClCompile>
    <ClCompile Include="source\src\Render\AtmosphereLUT.cpp">
      <Filter>Kaynak Dosyalar\Render</Filter>
    </ClCompile>
    <ClCompile Include="source\src\UI\ui_modern.cpp">
      <Filter>Kaynak Dosyalar\UI</Filter>
    </ClCompile>
    <ClCompile Include="source\src\UI\TimelineWidget.cpp">
      <Filter>Kaynak Dosyalar\UI</Filter>
    </ClCompile>
    <ClCompile Include="source\src\UI\ImGuizmo.cpp">
      <Filter>Kaynak Dosyalar\UI</Filter>
    </ClCompile>
    <ClCompile Include="source\src\UI\SplashScreen.cpp">
      <Filter>Kaynak Dosyalar\UI</Filter>
    </ClCompile>
    <ClCompile Include="source\src\UI\SequencerAdapter.cpp">
      <Filter>Kaynak Dosyalar\UI</Filter>
    </ClCompile>
    <ClCompile Include="source\src\UI\SceneSelection.cpp">
      <Filter>Kaynak Dosyalar\UI</Filter>
    </ClCompile>
    <ClCompile Include="source\src\UI\scene_ui.cpp">
      <Filter>Kaynak Dosyalar\UI</Filter>
    </ClCompile>
    <ClCompile Include="source\src\UI\scene_ui_animation.cpp">
      <Filter>Kaynak Dosyalar\UI</Filter>
    </ClCompile>
    <ClCompile Include="source\src\UI\scene_ui_camera.cpp">
      <Filter>Kaynak Dosyalar\UI</Filter>
    </ClCompile>
    <ClCompile Include="source\src\UI\scene_ui_gizmos.cpp">
      <Filter>Kaynak Dosyalar\UI</Filter>
    </ClCompile>
    <ClCompile Include="source\src\UI\scene_ui_hierarchy.cpp">
      <Filter>Kaynak Dosyalar\UI</Filter>
    </ClCompile>
    <ClCompile Include="source\src\UI\scene_ui_lights.cpp">
      <Filter>Kaynak Dosyalar\UI</Filter>
    </ClCompile>
    <ClCompile Include="source\src\UI\scene_ui_materials.cpp">
      <Filter>Kaynak Dosyalar\UI</Filter>
    </ClCompile>
    <ClCompile Include="source\src\UI\scene_ui_modifiers.cpp">
      <Filter>Kaynak Dosyalar\UI</Filter>
    </ClCompile>
    <ClCompile Include="source\src\UI\scene_ui_procamera.cpp">
      <Filter>Kaynak Dosyalar\UI</Filter>
    </ClCompile>
    <ClCompile Include="source\src\UI\scene_ui_scatter.cpp">
      <Filter>Kaynak Dosyalar\UI</Filter>
    </ClCompile>
    <ClCompile Include="source\src\UI\scene_ui_selection.cpp">
      <Filter>Kaynak Dosyalar\UI</Filter>
    </ClCompile>
    <ClCompile Include="source\src\UI\scene_ui_vdb.cpp">
      <Filter>Kaynak Dosyalar\UI</Filter>
    </ClCompile>
    <ClCompile Include="source\src\UI\scene_ui_viewport.cpp">
      <Filter>Kaynak Dosyalar\UI</Filter>
    </ClCompile>
    <ClCompile Include="source\src\UI\scene_ui_world.cpp">
      <Filter>Kaynak Dosyalar\UI</Filter>
    </ClCompile>
    <ClCompile Include="source\src\Scene\World.cpp">
      <Filter>Kaynak Dosyalar\Scene</Filter>
    </ClCompile>
    <ClCompile Include="source\src\Scene\HittableList.cpp">
      <Filter>Kaynak Dosyalar\Scene</Filter>
    </ClCompile>
    <ClCompile Include="source\src\Scene\Mesh.cpp">
      <Filter>Kaynak Dosyalar\Scene</Filter>
    </ClCompile>
    <ClCompile Include="source\src\Scene\Triangle.cpp">
      <Filter>Kaynak Dosyalar\Scene</Filter>
    </ClCompile>
    <ClCompile Include="source\src\Scene\AABB.cpp">
      <Filter>Kaynak Dosyalar\Scene</Filter>
    </ClCompile>
    <ClCompile Include="source\src\Scene\InstanceGroup.cpp">
      <Filter>Kaynak Dosyalar\Scene</Filter>
    </ClCompile>
    <ClCompile Include="source\src\Scene\InstanceManager.cpp">
      <Filter>Kaynak Dosyalar\Scene</Filter>
    </ClCompile>
    <ClCompile Include="source\src\Scene\Light.cpp">
      <Filter>Kaynak Dosyalar\Scene</Filter>
    </ClCompile>
    <ClCompile Include="source\src\Scene\PointLight.cpp">
      <Filter>Kaynak Dosyalar\Scene</Filter>
    </ClCompile>
    <ClCompile Include="source\src\Scene\SpotLight.cpp">
      <Filter>Kaynak Dosyalar\Scene</Filter>
    </ClCompile>
    <ClCompile Include="source\src\Scene\DirectionalLight.cpp">
      <Filter>Kaynak Dosyalar\Scene</Filter>
    </ClCompile>
    <ClCompile Include="source\src\Scene\AreaLight.cpp">
      <Filter>Kaynak Dosyalar\Scene</Filter>
    </ClCompile>
    <ClCompile Include="source\src\Scene\Material.cpp">
      <Filter>Kaynak Dosyalar\Scene</Filter>
    </ClCompile>
    <ClCompile Include="source\src\Scene\PrincipledBSDF.cpp">
      <Filter>Kaynak Dosyalar\Scene</Filter>
    </ClCompile>
    <ClCompile Include="source\src\Scene\Dielectric.cpp">
      <Filter>Kaynak Dosyalar\Scene</Filter>
    </ClCompile>
    <ClCompile Include="source\src\Scene\MaterialManager.cpp">
      <Filter>Kaynak Dosyalar\Scene</Filter>
    </ClCompile>
    <ClCompile Include="source\src\Animation\AnimationController.cpp">
      <Filter>Kaynak Dosyalar\Animation</Filter>
    </ClCompile>
    <ClCompile Include="source\src\Animation\AnimationNodes.cpp">
      <Filter>Kaynak Dosyalar\Animation</Filter>
    </ClCompile>
    <ClCompile Include="source\src\Math\Vec2.cpp">
      <Filter>Kaynak Dosyalar\Math</Filter>
    </ClCompile>
    <ClCompile Include="source\src\Math\Vec3.cpp">
      <Filter>Kaynak Dosyalar\Math</Filter>
    </ClCompile>
    <ClCompile Include="source\src\Math\Vec3SIMD.cpp">
      <Filter>Kaynak Dosyalar\Math</Filter>
    </ClCompile>
    <ClCompile Include="source\src\Math\Matrix4x4.cpp">
      <Filter>Kaynak Dosyalar\Math</Filter>
    </ClCompile>
    <ClCompile Include="source\external\miniz.c">
      <Filter>Kaynak Dosyalar</Filter>
    </ClCompile>
    <ClCompile Include="source\external\miniz_tdef.c">
      <Filter>Kaynak Dosyalar</Filter>
    </ClCompile>
    <ClCompile Include="source\external\miniz_tinfl.c">
      <Filter>Kaynak Dosyalar</Filter>
    </ClCompile>
    <ClCompile Include="source\external\miniz_zip.c">
      <Filter>Kaynak Dosyalar</Filter>
    </ClCompile>
    <ClCompile Include="source\external\imgui\imgui.cpp">
      <Filter>Kaynak Dosyalar</Filter>
    </ClCompile>
    <ClCompile Include="source\external\imgui\imgui_draw.cpp">
      <Filter>Kaynak Dosyalar</Filter>
    </ClCompile>
    <ClCompile Include="source\external\imgui\imgui_impl_sdl2.cpp">
      <Filter>Kaynak Dosyalar</Filter>
    </ClCompile>
    <ClCompile Include="source\external\imgui\imgui_impl_sdlrenderer2.cpp">
      <Filter>Kaynak Dosyalar</Filter>
    </ClCompile>
    <ClCompile Include="source\external\imgui\imgui_tables.cpp">
      <Filter>Kaynak Dosyalar</Filter>
    </ClCompile>
    <ClCompile Include="source\external\imgui\imgui_widgets.cpp">
      <Filter>Kaynak Dosyalar</Filter>
    </ClCompile>
    <ClCompile Include="source\src\Hair\HairBSDF.cpp">
      <Filter>Kaynak Dosyalar\Hair</Filter>
    </ClCompile>
    <ClCompile Include="source\src\Hair\HairStrand.cpp">
      <Filter>Kaynak Dosyalar\Hair</Filter>
    </ClCompile>
    <ClCompile Include="source\src\Hair\HairSystem.cpp">
      <Filter>Kaynak Dosyalar\Hair</Filter>
    </ClCompile>
    <ClCompile Include="source\src\Hair\HairSystem_Skinning.cpp">
      <Filter>Kaynak Dosyalar\Hair</Filter>
    </ClCompile>
    <ClCompile Include="source\src\simdjson.cpp">
      <Filter>Kaynak Dosyalar</Filter>
    </ClCompile>
    <ClCompile Include="source\src\Backend\OptixBackend.cpp">
      <Filter>Kaynak Dosyalar\Render</Filter>
    </ClCompile>
    <ClCompile Include="source\src\Backend\VulkanBackend.cpp">
      <Filter>Kaynak Dosyalar</Filter>
    </ClCompile>
  </ItemGroup>
</Project>